
Microsoft Visual Studio Solution File, Format Version 12.00
# Visual Studio Version 17
VisualStudioVersion = 17.9.34728.123
MinimumVisualStudioVersion = 10.0.40219.1
Project("{FAE04EC0-301F-11D3-BF4B-00C04F79EFBC}") = "sblngavnav5X", "sblngavnav5X.csproj", "{842601C8-F505-4374-86B1-468EDBFEA871}"
EndProject
Global
	GlobalSection(SolutionConfigurationPlatforms) = preSolution
		Debug|Any CPU = Debug|Any CPU
		Release|Any CPU = Release|Any CPU
	EndGlobalSection
	GlobalSection(ProjectConfigurationPlatforms) = postSolution
		{842601C8-F505-4374-86B1-468EDBFEA871}.Debug|Any CPU.ActiveCfg = Debug|Any CPU
		{842601C8-F505-4374-86B1-468EDBFEA871}.Debug|Any CPU.Build.0 = Debug|Any CPU
		{842601C8-F505-4374-86B1-468EDBFEA871}.Release|Any CPU.ActiveCfg = Release|Any CPU
		{842601C8-F505-4374-86B1-468EDBFEA871}.Release|Any CPU.Build.0 = Release|Any CPU
	EndGlobalSection
	GlobalSection(SolutionProperties) = preSolution
		HideSolutionNode = FALSE
	EndGlobalSection
	GlobalSection(ExtensibilityGlobals) = postSolution
		SolutionGuid = {447D4417-8E4D-4FA9-BC00-0AFD4B2DE4F0}
	EndGlobalSection
EndGlobal
